{
  "name": "uView",
  "version": "1.0.0",
  "lockfileVersion": 2,
  "requires": true,
  "packages": {
    "": {
      "name": "uView",
      "version": "1.0.0",
      "license": "ISC",
      "dependencies": {
        "@sweet5/area-data": "^1.1.1",
        "vue-i18n": "^8.20.0"
      }
    },
    "node_modules/@sweet5/area-data": {
      "version": "1.1.1",
      "resolved": "https://registry.nlark.com/@sweet5/area-data/download/@sweet5/area-data-1.1.1.tgz",
      "integrity": "sha1-5jcE2zPp0LHt+B3dpqmJtMS1GCk=",
      "license": "MIT"
    },
    "node_modules/vue-i18n": {
      "version": "8.25.0",
      "resolved": "https://registry.nlark.com/vue-i18n/download/vue-i18n-8.25.0.tgz",
      "integrity": "sha1-EDfZKV+ihFojC3cd5HNIHtss/Ew=",
      "license": "MIT"
    }
  },
  "dependencies": {
    "@sweet5/area-data": {
      "version": "1.1.1",
      "resolved": "https://registry.nlark.com/@sweet5/area-data/download/@sweet5/area-data-1.1.1.tgz",
      "integrity": "sha1-5jcE2zPp0LHt+B3dpqmJtMS1GCk="
    },
    "vue-i18n": {
      "version": "8.25.0",
      "resolved": "https://registry.nlark.com/vue-i18n/download/vue-i18n-8.25.0.tgz",
      "integrity": "sha1-EDfZKV+ihFojC3cd5HNIHtss/Ew="
    }
  }
}
